
Microsoft Visual Studio Solution File, Format Version 12.00
# Visual Studio Version 17
VisualStudioVersion = 17.0.31903.59
MinimumVisualStudioVersion = 10.0.40219.1
Project("{2150E333-8FDC-42A3-9474-1A3956D46DE8}") = "src", "src", "{827E0CD3-B72D-47B6-A68D-7590B98EB39B}"
EndProject
Project("{2150E333-8FDC-42A3-9474-1A3956D46DE8}") = "cpu-api", "cpu-api", "{E93DBD2A-741E-AE28-643B-0F9F53488748}"
EndProject
Project("{FAE04EC0-301F-11D3-BF4B-00C04F79EFBC}") = "CpuApi", "src\cpu-api\CpuApi.csproj", "{5DD2E303-DB00-42AC-A032-3CF10F320157}"
EndProject
Project("{FAE04EC0-301F-11D3-BF4B-00C04F79EFBC}") = "QueueWorker", "src\queue-worker\QueueWorker.csproj", "{B2574713-7C50-4513-87DD-3FDEF95931E3}"
EndProject
Project("{2150E333-8FDC-42A3-9474-1A3956D46DE8}") = "queue-producer", "queue-producer", "{1E0BE29E-D666-7F05-324F-2A75AFD3376C}"
EndProject
Project("{FAE04EC0-301F-11D3-BF4B-00C04F79EFBC}") = "QueueProducer", "src\queue-producer\QueueProducer.csproj", "{87F5A2EB-1F6C-43AF-92F9-D598AC068E77}"
EndProject
Project("{2150E333-8FDC-42A3-9474-1A3956D46DE8}") = "functions-measure", "functions-measure", "{9D701F05-0D82-4C22-BE4D-38E5445A3E5C}"
EndProject
Project("{FAE04EC0-301F-11D3-BF4B-00C04F79EFBC}") = "FunctionsMeasure", "src\functions-measure\FunctionsMeasure.csproj", "{D8187BFA-0BFE-4A2D-BA12-88F7A54AA218}"
EndProject
Global
	GlobalSection(SolutionConfigurationPlatforms) = preSolution
		Debug|Any CPU = Debug|Any CPU
		Debug|x64 = Debug|x64
		Debug|x86 = Debug|x86
		Release|Any CPU = Release|Any CPU
		Release|x64 = Release|x64
		Release|x86 = Release|x86
	EndGlobalSection
	GlobalSection(ProjectConfigurationPlatforms) = postSolution
		{5DD2E303-DB00-42AC-A032-3CF10F320157}.Debug|Any CPU.ActiveCfg = Debug|Any CPU
		{5DD2E303-DB00-42AC-A032-3CF10F320157}.Debug|Any CPU.Build.0 = Debug|Any CPU
		{5DD2E303-DB00-42AC-A032-3CF10F320157}.Debug|x64.ActiveCfg = Debug|Any CPU
		{5DD2E303-DB00-42AC-A032-3CF10F320157}.Debug|x64.Build.0 = Debug|Any CPU
		{5DD2E303-DB00-42AC-A032-3CF10F320157}.Debug|x86.ActiveCfg = Debug|Any CPU
		{5DD2E303-DB00-42AC-A032-3CF10F320157}.Debug|x86.Build.0 = Debug|Any CPU
		{5DD2E303-DB00-42AC-A032-3CF10F320157}.Release|Any CPU.ActiveCfg = Release|Any CPU
		{5DD2E303-DB00-42AC-A032-3CF10F320157}.Release|Any CPU.Build.0 = Release|Any CPU
		{5DD2E303-DB00-42AC-A032-3CF10F320157}.Release|x64.ActiveCfg = Release|Any CPU
		{5DD2E303-DB00-42AC-A032-3CF10F320157}.Release|x64.Build.0 = Release|Any CPU
		{5DD2E303-DB00-42AC-A032-3CF10F320157}.Release|x86.ActiveCfg = Release|Any CPU
		{5DD2E303-DB00-42AC-A032-3CF10F320157}.Release|x86.Build.0 = Release|Any CPU
		{B2574713-7C50-4513-87DD-3FDEF95931E3}.Debug|Any CPU.ActiveCfg = Debug|Any CPU
		{B2574713-7C50-4513-87DD-3FDEF95931E3}.Debug|Any CPU.Build.0 = Debug|Any CPU
		{B2574713-7C50-4513-87DD-3FDEF95931E3}.Debug|x64.ActiveCfg = Debug|Any CPU
		{B2574713-7C50-4513-87DD-3FDEF95931E3}.Debug|x64.Build.0 = Debug|Any CPU
		{B2574713-7C50-4513-87DD-3FDEF95931E3}.Debug|x86.ActiveCfg = Debug|Any CPU
		{B2574713-7C50-4513-87DD-3FDEF95931E3}.Debug|x86.Build.0 = Debug|Any CPU
		{B2574713-7C50-4513-87DD-3FDEF95931E3}.Release|Any CPU.ActiveCfg = Release|Any CPU
		{B2574713-7C50-4513-87DD-3FDEF95931E3}.Release|Any CPU.Build.0 = Release|Any CPU
		{B2574713-7C50-4513-87DD-3FDEF95931E3}.Release|x64.ActiveCfg = Release|Any CPU
		{B2574713-7C50-4513-87DD-3FDEF95931E3}.Release|x64.Build.0 = Release|Any CPU
		{B2574713-7C50-4513-87DD-3FDEF95931E3}.Release|x86.ActiveCfg = Release|Any CPU
		{B2574713-7C50-4513-87DD-3FDEF95931E3}.Release|x86.Build.0 = Release|Any CPU
		{87F5A2EB-1F6C-43AF-92F9-D598AC068E77}.Debug|Any CPU.ActiveCfg = Debug|Any CPU
		{87F5A2EB-1F6C-43AF-92F9-D598AC068E77}.Debug|Any CPU.Build.0 = Debug|Any CPU
		{87F5A2EB-1F6C-43AF-92F9-D598AC068E77}.Debug|x64.ActiveCfg = Debug|Any CPU
		{87F5A2EB-1F6C-43AF-92F9-D598AC068E77}.Debug|x64.Build.0 = Debug|Any CPU
		{87F5A2EB-1F6C-43AF-92F9-D598AC068E77}.Debug|x86.ActiveCfg = Debug|Any CPU
		{87F5A2EB-1F6C-43AF-92F9-D598AC068E77}.Debug|x86.Build.0 = Debug|Any CPU
		{87F5A2EB-1F6C-43AF-92F9-D598AC068E77}.Release|Any CPU.ActiveCfg = Release|Any CPU
		{87F5A2EB-1F6C-43AF-92F9-D598AC068E77}.Release|Any CPU.Build.0 = Release|Any CPU
		{87F5A2EB-1F6C-43AF-92F9-D598AC068E77}.Release|x64.ActiveCfg = Release|Any CPU
		{87F5A2EB-1F6C-43AF-92F9-D598AC068E77}.Release|x64.Build.0 = Release|Any CPU
		{87F5A2EB-1F6C-43AF-92F9-D598AC068E77}.Release|x86.ActiveCfg = Release|Any CPU
		{87F5A2EB-1F6C-43AF-92F9-D598AC068E77}.Release|x86.Build.0 = Release|Any CPU
		{D8187BFA-0BFE-4A2D-BA12-88F7A54AA218}.Debug|Any CPU.ActiveCfg = Debug|Any CPU
		{D8187BFA-0BFE-4A2D-BA12-88F7A54AA218}.Debug|Any CPU.Build.0 = Debug|Any CPU
		{D8187BFA-0BFE-4A2D-BA12-88F7A54AA218}.Debug|x64.ActiveCfg = Debug|Any CPU
		{D8187BFA-0BFE-4A2D-BA12-88F7A54AA218}.Debug|x64.Build.0 = Debug|Any CPU
		{D8187BFA-0BFE-4A2D-BA12-88F7A54AA218}.Debug|x86.ActiveCfg = Debug|Any CPU
		{D8187BFA-0BFE-4A2D-BA12-88F7A54AA218}.Debug|x86.Build.0 = Debug|Any CPU
		{D8187BFA-0BFE-4A2D-BA12-88F7A54AA218}.Release|Any CPU.ActiveCfg = Release|Any CPU
		{D8187BFA-0BFE-4A2D-BA12-88F7A54AA218}.Release|Any CPU.Build.0 = Release|Any CPU
		{D8187BFA-0BFE-4A2D-BA12-88F7A54AA218}.Release|x64.ActiveCfg = Release|Any CPU
		{D8187BFA-0BFE-4A2D-BA12-88F7A54AA218}.Release|x64.Build.0 = Release|Any CPU
		{D8187BFA-0BFE-4A2D-BA12-88F7A54AA218}.Release|x86.ActiveCfg = Release|Any CPU
		{D8187BFA-0BFE-4A2D-BA12-88F7A54AA218}.Release|x86.Build.0 = Release|Any CPU
	EndGlobalSection
	GlobalSection(SolutionProperties) = preSolution
		HideSolutionNode = FALSE
	EndGlobalSection
	GlobalSection(NestedProjects) = preSolution
		{E93DBD2A-741E-AE28-643B-0F9F53488748} = {827E0CD3-B72D-47B6-A68D-7590B98EB39B}
		{5DD2E303-DB00-42AC-A032-3CF10F320157} = {E93DBD2A-741E-AE28-643B-0F9F53488748}
		{B2574713-7C50-4513-87DD-3FDEF95931E3} = {E93DBD2A-741E-AE28-643B-0F9F53488748}
		{1E0BE29E-D666-7F05-324F-2A75AFD3376C} = {827E0CD3-B72D-47B6-A68D-7590B98EB39B}
		{87F5A2EB-1F6C-43AF-92F9-D598AC068E77} = {1E0BE29E-D666-7F05-324F-2A75AFD3376C}
		{9D701F05-0D82-4C22-BE4D-38E5445A3E5C} = {827E0CD3-B72D-47B6-A68D-7590B98EB39B}
		{D8187BFA-0BFE-4A2D-BA12-88F7A54AA218} = {9D701F05-0D82-4C22-BE4D-38E5445A3E5C}
	EndGlobalSection
EndGlobal
